# This file is automatically @generated by Wally.
# It is not intended for manual editing.
registry = "test"

[[package]]
name = "alexs/roblox-obstacle-course"
version = "0.1.0"
dependencies = [["DocumentService", "anthony0br/documentservice@1.2.2"]]

[[package]]
name = "anthony0br/documentservice"
version = "1.2.2"
dependencies = []
